
Microsoft Visual Studio Solution File, Format Version 12.00
# Visual Studio Version 16
VisualStudioVersion = 16.0.31911.196
MinimumVisualStudioVersion = 10.0.40219.1
Project("{FAE04EC0-301F-11D3-BF4B-00C04F79EFBC}") = "AzureContainerTest.API", "AzureContainerTest.API\AzureContainerTest.API.csproj", "{ACE7A77B-DEC1-4B21-A6CC-414589DEA5B8}"
EndProject
Global
	GlobalSection(SolutionConfigurationPlatforms) = preSolution
		Debug|Any CPU = Debug|Any CPU
		Release|Any CPU = Release|Any CPU
	EndGlobalSection
	GlobalSection(ProjectConfigurationPlatforms) = postSolution
		{ACE7A77B-DEC1-4B21-A6CC-414589DEA5B8}.Debug|Any CPU.ActiveCfg = Debug|Any CPU
		{ACE7A77B-DEC1-4B21-A6CC-414589DEA5B8}.Debug|Any CPU.Build.0 = Debug|Any CPU
		{ACE7A77B-DEC1-4B21-A6CC-414589DEA5B8}.Release|Any CPU.ActiveCfg = Release|Any CPU
		{ACE7A77B-DEC1-4B21-A6CC-414589DEA5B8}.Release|Any CPU.Build.0 = Release|Any CPU
	EndGlobalSection
	GlobalSection(SolutionProperties) = preSolution
		HideSolutionNode = FALSE
	EndGlobalSection
	GlobalSection(ExtensibilityGlobals) = postSolution
		SolutionGuid = {91EA4E89-9831-4C0F-AAF2-B485ACDD6777}
	EndGlobalSection
EndGlobal
